
Microsoft Visual Studio Solution File, Format Version 12.00
# Visual Studio 15
VisualStudioVersion = 15.0.28307.757
MinimumVisualStudioVersion = 10.0.40219.1
Project("{8BC9CEB8-8B4A-11D0-8D11-00A0C91BC942}") = "Ch6_Lab2", "Ch6_Lab2\Ch6_Lab2.vcxproj", "{936CD5B4-9D0D-4EF4-9232-7C5430748F4B}"
EndProject
Global
	GlobalSection(SolutionConfigurationPlatforms) = preSolution
		Debug|x64 = Debug|x64
		Debug|x86 = Debug|x86
		Release|x64 = Release|x64
		Release|x86 = Release|x86
	EndGlobalSection
	GlobalSection(ProjectConfigurationPlatforms) = postSolution
		{936CD5B4-9D0D-4EF4-9232-7C5430748F4B}.Debug|x64.ActiveCfg = Debug|x64
		{936CD5B4-9D0D-4EF4-9232-7C5430748F4B}.Debug|x64.Build.0 = Debug|x64
		{936CD5B4-9D0D-4EF4-9232-7C5430748F4B}.Debug|x86.ActiveCfg = Debug|Win32
		{936CD5B4-9D0D-4EF4-9232-7C5430748F4B}.Debug|x86.Build.0 = Debug|Win32
		{936CD5B4-9D0D-4EF4-9232-7C5430748F4B}.Release|x64.ActiveCfg = Release|x64
		{936CD5B4-9D0D-4EF4-9232-7C5430748F4B}.Release|x64.Build.0 = Release|x64
		{936CD5B4-9D0D-4EF4-9232-7C5430748F4B}.Release|x86.ActiveCfg = Release|Win32
		{936CD5B4-9D0D-4EF4-9232-7C5430748F4B}.Release|x86.Build.0 = Release|Win32
	EndGlobalSection
	GlobalSection(SolutionProperties) = preSolution
		HideSolutionNode = FALSE
	EndGlobalSection
	GlobalSection(ExtensibilityGlobals) = postSolution
		SolutionGuid = {1BBB0082-DB0B-4DC0-ABE5-C41B10D6E345}
	EndGlobalSection
EndGlobal
